
Microsoft Visual Studio Solution File, Format Version 12.00
# Visual Studio Version 16
VisualStudioVersion = 16.0.29613.14
MinimumVisualStudioVersion = 10.0.40219.1
Project("{FAE04EC0-301F-11D3-BF4B-00C04F79EFBC}") = "StudentExercisesMVC", "StudentExercisesMVC\StudentExercisesMVC.csproj", "{A42E9458-243F-4913-A728-B9A92C8140DC}"
EndProject
Global
	GlobalSection(SolutionConfigurationPlatforms) = preSolution
		Debug|Any CPU = Debug|Any CPU
		Release|Any CPU = Release|Any CPU
	EndGlobalSection
	GlobalSection(ProjectConfigurationPlatforms) = postSolution
		{A42E9458-243F-4913-A728-B9A92C8140DC}.Debug|Any CPU.ActiveCfg = Debug|Any CPU
		{A42E9458-243F-4913-A728-B9A92C8140DC}.Debug|Any CPU.Build.0 = Debug|Any CPU
		{A42E9458-243F-4913-A728-B9A92C8140DC}.Release|Any CPU.ActiveCfg = Release|Any CPU
		{A42E9458-243F-4913-A728-B9A92C8140DC}.Release|Any CPU.Build.0 = Release|Any CPU
	EndGlobalSection
	GlobalSection(SolutionProperties) = preSolution
		HideSolutionNode = FALSE
	EndGlobalSection
	GlobalSection(ExtensibilityGlobals) = postSolution
		SolutionGuid = {612BC1A0-1ACE-438B-B36A-6EDEA525567F}
	EndGlobalSection
EndGlobal
